{
  "name": "ws-getting-started-w-playwright-visual-testing",
  "lockfileVersion": 3,
  "requires": true,
  "packages": {
    "": {
      "devDependencies": {
        "@playwright/test": "^1.47.2",
        "@wopee-io/wopee.pw": "^4.4.0"
      }
    },
    "node_modules/@playwright/test": {
      "version": "1.47.2",
      "resolved": "https://registry.npmjs.org/@playwright/test/-/test-1.47.2.tgz",
      "integrity": "sha512-jTXRsoSPONAs8Za9QEQdyjFn+0ZQFjCiIztAIF6bi1HqhBzG9Ma7g1WotyiGqFSBRZjIEqMdT8RUlbk1QVhzCQ==",
      "dev": true,
      "license": "Apache-2.0",
      "dependencies": {
        "playwright": "1.47.2"
      },
      "bin": {
        "playwright": "cli.js"
      },
      "engines": {
        "node": ">=18"
      }
    },
    "node_modules/@wopee-io/wopee.pw": {
      "version": "4.4.0",
      "resolved": "https://registry.npmjs.org/@wopee-io/wopee.pw/-/wopee.pw-4.4.0.tgz",
      "integrity": "sha512-inH80ZJPm0yOWD3lWm6nYQCCO7jrrCKZEvBabt4gp48yZocOf3oW44hwYY252CM69oml1BXnk9hCCrJL3ik3HQ==",
      "bundleDependencies": [
        "@autonomous-testing/sdk"
      ],
      "dev": true,
      "license": "PROPRIETARY",
      "dependencies": {
        "@autonomous-testing/sdk": "3.2.4",
        "dotenv": "^16.4.5",
        "lodash": "^4.17.21"
      }
    },
    "node_modules/@wopee-io/wopee.pw/node_modules/@autonomous-testing/sdk": {
      "version": "3.2.4",
      "dev": true,
      "inBundle": true,
      "license": "PROPRIETARY",
      "dependencies": {
        "axios": "0.27.2",
        "process": "^0.11.10",
        "zod": "^3.23.0"
      }
    },
    "node_modules/@wopee-io/wopee.pw/node_modules/asynckit": {
      "version": "0.4.0",
      "dev": true,
      "inBundle": true,
      "license": "MIT"
    },
    "node_modules/@wopee-io/wopee.pw/node_modules/axios": {
      "version": "0.27.2",
      "dev": true,
      "inBundle": true,
      "license": "MIT",
      "dependencies": {
        "follow-redirects": "^1.14.9",
        "form-data": "^4.0.0"
      }
    },
    "node_modules/@wopee-io/wopee.pw/node_modules/combined-stream": {
      "version": "1.0.8",
      "dev": true,
      "inBundle": true,
      "license": "MIT",
      "dependencies": {
        "delayed-stream": "~1.0.0"
      },
      "engines": {
        "node": ">= 0.8"
      }
    },
    "node_modules/@wopee-io/wopee.pw/node_modules/delayed-stream": {
      "version": "1.0.0",
      "dev": true,
      "inBundle": true,
      "license": "MIT",
      "engines": {
        "node": ">=0.4.0"
      }
    },
    "node_modules/@wopee-io/wopee.pw/node_modules/follow-redirects": {
      "version": "1.15.6",
      "dev": true,
      "funding": [
        {
          "type": "individual",
          "url": "https://github.com/sponsors/RubenVerborgh"
        }
      ],
      "inBundle": true,
      "license": "MIT",
      "engines": {
        "node": ">=4.0"
      },
      "peerDependenciesMeta": {
        "debug": {
          "optional": true
        }
      }
    },
    "node_modules/@wopee-io/wopee.pw/node_modules/form-data": {
      "version": "4.0.0",
      "dev": true,
      "inBundle": true,
      "license": "MIT",
      "dependencies": {
        "asynckit": "^0.4.0",
        "combined-stream": "^1.0.8",
        "mime-types": "^2.1.12"
      },
      "engines": {
        "node": ">= 6"
      }
    },
    "node_modules/@wopee-io/wopee.pw/node_modules/mime-db": {
      "version": "1.52.0",
      "dev": true,
      "inBundle": true,
      "license": "MIT",
      "engines": {
        "node": ">= 0.6"
      }
    },
    "node_modules/@wopee-io/wopee.pw/node_modules/mime-types": {
      "version": "2.1.35",
      "dev": true,
      "inBundle": true,
      "license": "MIT",
      "dependencies": {
        "mime-db": "1.52.0"
      },
      "engines": {
        "node": ">= 0.6"
      }
    },
    "node_modules/@wopee-io/wopee.pw/node_modules/process": {
      "version": "0.11.10",
      "dev": true,
      "inBundle": true,
      "license": "MIT",
      "engines": {
        "node": ">= 0.6.0"
      }
    },
    "node_modules/@wopee-io/wopee.pw/node_modules/zod": {
      "version": "3.23.8",
      "dev": true,
      "inBundle": true,
      "license": "MIT",
      "funding": {
        "url": "https://github.com/sponsors/colinhacks"
      }
    },
    "node_modules/dotenv": {
      "version": "16.4.5",
      "resolved": "https://registry.npmjs.org/dotenv/-/dotenv-16.4.5.tgz",
      "integrity": "sha512-ZmdL2rui+eB2YwhsWzjInR8LldtZHGDoQ1ugH85ppHKwpUHL7j7rN0Ti9NCnGiQbhaZ11FpR+7ao1dNsmduNUg==",
      "dev": true,
      "engines": {
        "node": ">=12"
      },
      "funding": {
        "url": "https://dotenvx.com"
      }
    },
    "node_modules/fsevents": {
      "version": "2.3.2",
      "resolved": "https://registry.npmjs.org/fsevents/-/fsevents-2.3.2.tgz",
      "integrity": "sha512-xiqMQR4xAeHTuB9uWm+fFRcIOgKBMiOBP+eXiyT7jsgVCq1bkVygt00oASowB7EdtpOHaaPgKt812P9ab+DDKA==",
      "dev": true,
      "hasInstallScript": true,
      "license": "MIT",
      "optional": true,
      "os": [
        "darwin"
      ],
      "engines": {
        "node": "^8.16.0 || ^10.6.0 || >=11.0.0"
      }
    },
    "node_modules/lodash": {
      "version": "4.17.21",
      "resolved": "https://registry.npmjs.org/lodash/-/lodash-4.17.21.tgz",
      "integrity": "sha512-v2kDEe57lecTulaDIuNTPy3Ry4gLGJ6Z1O3vE1krgXZNrsQ+LFTGHVxVjcXPs17LhbZVGedAJv8XZ1tvj5FvSg==",
      "dev": true
    },
    "node_modules/playwright": {
      "version": "1.47.2",
      "resolved": "https://registry.npmjs.org/playwright/-/playwright-1.47.2.tgz",
      "integrity": "sha512-nx1cLMmQWqmA3UsnjaaokyoUpdVaaDhJhMoxX2qj3McpjnsqFHs516QAKYhqHAgOP+oCFTEOCOAaD1RgD/RQfA==",
      "dev": true,
      "license": "Apache-2.0",
      "dependencies": {
        "playwright-core": "1.47.2"
      },
      "bin": {
        "playwright": "cli.js"
      },
      "engines": {
        "node": ">=18"
      },
      "optionalDependencies": {
        "fsevents": "2.3.2"
      }
    },
    "node_modules/playwright-core": {
      "version": "1.47.2",
      "resolved": "https://registry.npmjs.org/playwright-core/-/playwright-core-1.47.2.tgz",
      "integrity": "sha512-3JvMfF+9LJfe16l7AbSmU555PaTl2tPyQsVInqm3id16pdDfvZ8TTZ/pyzmkbDrZTQefyzU7AIHlZqQnxpqHVQ==",
      "dev": true,
      "license": "Apache-2.0",
      "bin": {
        "playwright-core": "cli.js"
      },
      "engines": {
        "node": ">=18"
      }
    }
  }
}
